
Microsoft Visual Studio Solution File, Format Version 12.00
# Visual Studio Version 16
VisualStudioVersion = 16.0.29709.97
MinimumVisualStudioVersion = 10.0.40219.1
Project("{FAE04EC0-301F-11D3-BF4B-00C04F79EFBC}") = "savedataTPP", "savedataTPP\savedataTPP.csproj", "{A295D5AB-91BB-43C8-8786-17705E3B4EE3}"
EndProject
Global
	GlobalSection(SolutionConfigurationPlatforms) = preSolution
		Debug|Any CPU = Debug|Any CPU
		Release|Any CPU = Release|Any CPU
	EndGlobalSection
	GlobalSection(ProjectConfigurationPlatforms) = postSolution
		{A295D5AB-91BB-43C8-8786-17705E3B4EE3}.Debug|Any CPU.ActiveCfg = Debug|Any CPU
		{A295D5AB-91BB-43C8-8786-17705E3B4EE3}.Debug|Any CPU.Build.0 = Debug|Any CPU
		{A295D5AB-91BB-43C8-8786-17705E3B4EE3}.Release|Any CPU.ActiveCfg = Release|Any CPU
		{A295D5AB-91BB-43C8-8786-17705E3B4EE3}.Release|Any CPU.Build.0 = Release|Any CPU
	EndGlobalSection
	GlobalSection(SolutionProperties) = preSolution
		HideSolutionNode = FALSE
	EndGlobalSection
	GlobalSection(ExtensibilityGlobals) = postSolution
		SolutionGuid = {E058FAC3-4B06-479E-BAC7-CE515C5DD569}
	EndGlobalSection
EndGlobal
